
Microsoft Visual Studio Solution File, Format Version 12.00
Project("{FAE04EC0-301F-11D3-BF4B-00C04F79EFBC}") = "MicrLab", "MicrLab\MicrLab.csproj", "{0474E008-48F7-4415-9BB0-527F1EC81910}"
EndProject
Global
	GlobalSection(SolutionConfigurationPlatforms) = preSolution
		Debug|Any CPU = Debug|Any CPU
		Release|Any CPU = Release|Any CPU
	EndGlobalSection
	GlobalSection(ProjectConfigurationPlatforms) = postSolution
		{0474E008-48F7-4415-9BB0-527F1EC81910}.Debug|Any CPU.ActiveCfg = Debug|Any CPU
		{0474E008-48F7-4415-9BB0-527F1EC81910}.Debug|Any CPU.Build.0 = Debug|Any CPU
		{0474E008-48F7-4415-9BB0-527F1EC81910}.Release|Any CPU.ActiveCfg = Release|Any CPU
		{0474E008-48F7-4415-9BB0-527F1EC81910}.Release|Any CPU.Build.0 = Release|Any CPU
	EndGlobalSection
EndGlobal
